# This file was autogenerated by Stack.
# You should not edit this file by hand.
# For more information, please see the documentation at:
#   https://docs.haskellstack.org/en/stable/topics/lock_files

packages:
- completed:
    hackage: regex-posix-0.96.0.2@sha256:faf170ca5073e8d538a7a18f727a02a96f2a36c5fd53a1696263a70ab81bc6fe,2728
    pantry-tree:
      sha256: e247225613960003fd8b46d98287737147d982df118ec22919e239a4705cf857
      size: 751
  original:
    hackage: regex-posix-0.96.0.2@sha256:faf170ca5073e8d538a7a18f727a02a96f2a36c5fd53a1696263a70ab81bc6fe,2728
- completed:
    hackage: regex-posix-clib-2.7@sha256:998fca06da3d719818f0691ef0b8b9b7375afeea228cb08bd9e2db53f96b0cd7,1232
    pantry-tree:
      sha256: 5bf20952472d930323766d250f5fbbe3fe6f2cd3d931e5cf7b62a238ab2099ff
      size: 524
  original:
    hackage: regex-posix-clib-2.7@sha256:998fca06da3d719818f0691ef0b8b9b7375afeea228cb08bd9e2db53f96b0cd7,1232
snapshots:
- completed:
    sha256: 637fb77049b25560622a224845b7acfe81a09fdb6a96a3c75997a10b651667f6
    size: 534126
    url: https://raw.githubusercontent.com/commercialhaskell/stackage-snapshots/master/lts/16/31.yaml
  original: lts-16.31
